github.com/Alvesafk/scolor v1.1.1 h1:YdbkySIr9/CpwDyRM4BP8Q9nwQqEvIl5yXgk116WcOc=
github.com/Alvesafk/scolor v1.1.1/go.mod h1:nKGIosU+LwrNPb1YKhWJyYB658bkY4E5igpI1pxu6QU=
github.com/Alvesafk/scolor v1.1.2 h1:7NihFxOQohCd0D4BDrKBBRf6/slLfqaSCxRi7xJD7uw=
github.com/Alvesafk/scolor v1.1.2/go.mod h1:nKGIosU+LwrNPb1YKhWJyYB658bkY4E5igpI1pxu6QU=
github.com/atotto/clipboard v0.1.4 h1:EH0zSVneZPSuFR11BlR9YppQTVDbh5+16AmcJi4g1z4=
github.com/atotto/clipboard v0.1.4/go.mod h1:ZY9tmq7sm5xIbd9bOK4onWV4S6X0u6GY7Vn0Yu86PYI=
